
Microsoft Visual Studio Solution File, Format Version 12.00
# Visual Studio Version 17
VisualStudioVersion = 17.9.34607.119
MinimumVisualStudioVersion = 10.0.40219.1
Project("{FAE04EC0-301F-11D3-BF4B-00C04F79EFBC}") = "Читательский дневник", "Читательский дневник\Читательский дневник.csproj", "{8A5B9F06-ABA2-484C-8E28-2C08B33AD5D7}"
EndProject
Global
	GlobalSection(SolutionConfigurationPlatforms) = preSolution
		Debug|Any CPU = Debug|Any CPU
		Release|Any CPU = Release|Any CPU
	EndGlobalSection
	GlobalSection(ProjectConfigurationPlatforms) = postSolution
		{8A5B9F06-ABA2-484C-8E28-2C08B33AD5D7}.Debug|Any CPU.ActiveCfg = Debug|Any CPU
		{8A5B9F06-ABA2-484C-8E28-2C08B33AD5D7}.Debug|Any CPU.Build.0 = Debug|Any CPU
		{8A5B9F06-ABA2-484C-8E28-2C08B33AD5D7}.Release|Any CPU.ActiveCfg = Release|Any CPU
		{8A5B9F06-ABA2-484C-8E28-2C08B33AD5D7}.Release|Any CPU.Build.0 = Release|Any CPU
	EndGlobalSection
	GlobalSection(SolutionProperties) = preSolution
		HideSolutionNode = FALSE
	EndGlobalSection
	GlobalSection(ExtensibilityGlobals) = postSolution
		SolutionGuid = {F28BCEC9-23A2-415C-BD5C-FC2DD05ADF2A}
	EndGlobalSection
EndGlobal
